// !$*UTF8*$!
{
	archiveVersion = 1;
	classes = {
	};
	objectVersion = 55;
	objects = {

/* Begin PBXBuildFile section */
		531C159027FDDA270070FF2B /* ViewControllerPreview.swift in Sources */ = {isa = PBXBuildFile; fileRef = 531C158E27FDDA270070FF2B /* ViewControllerPreview.swift */; };
		531C159127FDDA270070FF2B /* ViewPreview.swift in Sources */ = {isa = PBXBuildFile; fileRef = 531C158F27FDDA270070FF2B /* ViewPreview.swift */; };
		531C159327FDDFC70070FF2B /* ViewCodable.swift in Sources */ = {isa = PBXBuildFile; fileRef = 531C159227FDDFC70070FF2B /* ViewCodable.swift */; };
		53B1695A27FC5B6F0031F525 /* CatViewController.swift in Sources */ = {isa = PBXBuildFile; fileRef = 53B1695927FC5B6F0031F525 /* CatViewController.swift */; };
		53B1695E27FC66A20031F525 /* ViewControllerDelegate.swift in Sources */ = {isa = PBXBuildFile; fileRef = 53B1695D27FC66A20031F525 /* ViewControllerDelegate.swift */; };
		53B1696027FC6B380031F525 /* ViewControllerPortocol.swift in Sources */ = {isa = PBXBuildFile; fileRef = 53B1695F27FC6B380031F525 /* ViewControllerPortocol.swift */; };
		53C877EE27FF4C6C00D104C6 /* BreedDTO.swift in Sources */ = {isa = PBXBuildFile; fileRef = 53C877ED27FF4C6C00D104C6 /* BreedDTO.swift */; };
		53C877F027FF4C9100D104C6 /* BreedImageDTO.swift in Sources */ = {isa = PBXBuildFile; fileRef = 53C877EF27FF4C9100D104C6 /* BreedImageDTO.swift */; };
		53C877F227FF4CB700D104C6 /* BreedWeightDTO.swift in Sources */ = {isa = PBXBuildFile; fileRef = 53C877F127FF4CB700D104C6 /* BreedWeightDTO.swift */; };
		53FBAFD927FB0CCF00C9F9E5 /* CatService.swift in Sources */ = {isa = PBXBuildFile; fileRef = 53FBAFD827FB0CCF00C9F9E5 /* CatService.swift */; };
		53FBAFDB27FB51BA00C9F9E5 /* Breed.swift in Sources */ = {isa = PBXBuildFile; fileRef = 53FBAFDA27FB51BA00C9F9E5 /* Breed.swift */; };
		9874F90AC96FDD3CEF2B8180 /* Pods_ChallengeOne.framework in Frameworks */ = {isa = PBXBuildFile; fileRef = 95B5AC054B0D9AD7B2D693CD /* Pods_ChallengeOne.framework */; };
		9B71296827F50A4300B27059 /* ViewModel.swift in Sources */ = {isa = PBXBuildFile; fileRef = 9B71296727F50A4300B27059 /* ViewModel.swift */; };
		9B71296A27F50A6700B27059 /* ViewModelProtocol.swift in Sources */ = {isa = PBXBuildFile; fileRef = 9B71296927F50A6700B27059 /* ViewModelProtocol.swift */; };
		9B71296C27F50A8400B27059 /* ViewModelDelegate.swift in Sources */ = {isa = PBXBuildFile; fileRef = 9B71296B27F50A8400B27059 /* ViewModelDelegate.swift */; };
		9B71297127F50AC100B27059 /* Repository.swift in Sources */ = {isa = PBXBuildFile; fileRef = 9B71297027F50AC100B27059 /* Repository.swift */; };
		9B71297327F50AFB00B27059 /* RepositoryProtocol.swift in Sources */ = {isa = PBXBuildFile; fileRef = 9B71297227F50AFB00B27059 /* RepositoryProtocol.swift */; };
		9B85F54E27F4850F00632416 /* AppDelegate.swift in Sources */ = {isa = PBXBuildFile; fileRef = 9B85F54D27F4850F00632416 /* AppDelegate.swift */; };
		9B85F55027F4850F00632416 /* SceneDelegate.swift in Sources */ = {isa = PBXBuildFile; fileRef = 9B85F54F27F4850F00632416 /* SceneDelegate.swift */; };
		9B85F55227F4850F00632416 /* ViewController.swift in Sources */ = {isa = PBXBuildFile; fileRef = 9B85F55127F4850F00632416 /* ViewController.swift */; };
		9B85F55727F4851100632416 /* Assets.xcassets in Resources */ = {isa = PBXBuildFile; fileRef = 9B85F55627F4851100632416 /* Assets.xcassets */; };
		9B85F55A27F4851100632416 /* LaunchScreen.storyboard in Resources */ = {isa = PBXBuildFile; fileRef = 9B85F55827F4851100632416 /* LaunchScreen.storyboard */; };
		9B85F57F27F4899600632416 /* XCTest+Extensions.swift in Sources */ = {isa = PBXBuildFile; fileRef = 9B85F57E27F4899600632416 /* XCTest+Extensions.swift */; };
		B13638E0E3591C66752BC05E /* Pods_ChallengeOneTests.framework in Frameworks */ = {isa = PBXBuildFile; fileRef = 87652509B3F51206837A8B00 /* Pods_ChallengeOneTests.framework */; };
/* End PBXBuildFile section */

/* Begin PBXContainerItemProxy section */
		9B85F56127F4851100632416 /* PBXContainerItemProxy */ = {
			isa = PBXContainerItemProxy;
			containerPortal = 9B85F54227F4850F00632416 /* Project object */;
			proxyType = 1;
			remoteGlobalIDString = 9B85F54927F4850F00632416;
			remoteInfo = ChallengeOne;
		};
/* End PBXContainerItemProxy section */

/* Begin PBXFileReference section */
		20043F4574758D842C8F9D2A /* Pods-ChallengeOne.release.xcconfig */ = {isa = PBXFileReference; includeInIndex = 1; lastKnownFileType = text.xcconfig; name = "Pods-ChallengeOne.release.xcconfig"; path = "Target Support Files/Pods-ChallengeOne/Pods-ChallengeOne.release.xcconfig"; sourceTree = "<group>"; };
		47CDAC3C02D0F49B76192A0D /* Pods-ChallengeOne.debug.xcconfig */ = {isa = PBXFileReference; includeInIndex = 1; lastKnownFileType = text.xcconfig; name = "Pods-ChallengeOne.debug.xcconfig"; path = "Target Support Files/Pods-ChallengeOne/Pods-ChallengeOne.debug.xcconfig"; sourceTree = "<group>"; };
		531C158E27FDDA270070FF2B /* ViewControllerPreview.swift */ = {isa = PBXFileReference; fileEncoding = 4; lastKnownFileType = sourcecode.swift; path = ViewControllerPreview.swift; sourceTree = "<group>"; };
		531C158F27FDDA270070FF2B /* ViewPreview.swift */ = {isa = PBXFileReference; fileEncoding = 4; lastKnownFileType = sourcecode.swift; path = ViewPreview.swift; sourceTree = "<group>"; };
		531C159227FDDFC70070FF2B /* ViewCodable.swift */ = {isa = PBXFileReference; lastKnownFileType = sourcecode.swift; path = ViewCodable.swift; sourceTree = "<group>"; };
		53B1695927FC5B6F0031F525 /* CatViewController.swift */ = {isa = PBXFileReference; lastKnownFileType = sourcecode.swift; path = CatViewController.swift; sourceTree = "<group>"; };
		53B1695D27FC66A20031F525 /* ViewControllerDelegate.swift */ = {isa = PBXFileReference; lastKnownFileType = sourcecode.swift; path = ViewControllerDelegate.swift; sourceTree = "<group>"; };
		53B1695F27FC6B380031F525 /* ViewControllerPortocol.swift */ = {isa = PBXFileReference; lastKnownFileType = sourcecode.swift; path = ViewControllerPortocol.swift; sourceTree = "<group>"; };
		53C877ED27FF4C6C00D104C6 /* BreedDTO.swift */ = {isa = PBXFileReference; lastKnownFileType = sourcecode.swift; path = BreedDTO.swift; sourceTree = "<group>"; };
		53C877EF27FF4C9100D104C6 /* BreedImageDTO.swift */ = {isa = PBXFileReference; lastKnownFileType = sourcecode.swift; path = BreedImageDTO.swift; sourceTree = "<group>"; };
		53C877F127FF4CB700D104C6 /* BreedWeightDTO.swift */ = {isa = PBXFileReference; lastKnownFileType = sourcecode.swift; path = BreedWeightDTO.swift; sourceTree = "<group>"; };
		53FBAFD827FB0CCF00C9F9E5 /* CatService.swift */ = {isa = PBXFileReference; lastKnownFileType = sourcecode.swift; path = CatService.swift; sourceTree = "<group>"; };
		53FBAFDA27FB51BA00C9F9E5 /* Breed.swift */ = {isa = PBXFileReference; lastKnownFileType = sourcecode.swift; path = Breed.swift; sourceTree = "<group>"; };
		87652509B3F51206837A8B00 /* Pods_ChallengeOneTests.framework */ = {isa = PBXFileReference; explicitFileType = wrapper.framework; includeInIndex = 0; path = Pods_ChallengeOneTests.framework; sourceTree = BUILT_PRODUCTS_DIR; };
		95B5AC054B0D9AD7B2D693CD /* Pods_ChallengeOne.framework */ = {isa = PBXFileReference; explicitFileType = wrapper.framework; includeInIndex = 0; path = Pods_ChallengeOne.framework; sourceTree = BUILT_PRODUCTS_DIR; };
		9B71296727F50A4300B27059 /* ViewModel.swift */ = {isa = PBXFileReference; lastKnownFileType = sourcecode.swift; path = ViewModel.swift; sourceTree = "<group>"; };
		9B71296927F50A6700B27059 /* ViewModelProtocol.swift */ = {isa = PBXFileReference; lastKnownFileType = sourcecode.swift; path = ViewModelProtocol.swift; sourceTree = "<group>"; };
		9B71296B27F50A8400B27059 /* ViewModelDelegate.swift */ = {isa = PBXFileReference; lastKnownFileType = sourcecode.swift; path = ViewModelDelegate.swift; sourceTree = "<group>"; };
		9B71297027F50AC100B27059 /* Repository.swift */ = {isa = PBXFileReference; lastKnownFileType = sourcecode.swift; path = Repository.swift; sourceTree = "<group>"; };
		9B71297227F50AFB00B27059 /* RepositoryProtocol.swift */ = {isa = PBXFileReference; lastKnownFileType = sourcecode.swift; path = RepositoryProtocol.swift; sourceTree = "<group>"; };
		9B85F54A27F4850F00632416 /* ChallengeOne.app */ = {isa = PBXFileReference; explicitFileType = wrapper.application; includeInIndex = 0; path = ChallengeOne.app; sourceTree = BUILT_PRODUCTS_DIR; };
		9B85F54D27F4850F00632416 /* AppDelegate.swift */ = {isa = PBXFileReference; lastKnownFileType = sourcecode.swift; path = AppDelegate.swift; sourceTree = "<group>"; };
		9B85F54F27F4850F00632416 /* SceneDelegate.swift */ = {isa = PBXFileReference; lastKnownFileType = sourcecode.swift; path = SceneDelegate.swift; sourceTree = "<group>"; };
		9B85F55127F4850F00632416 /* ViewController.swift */ = {isa = PBXFileReference; lastKnownFileType = sourcecode.swift; path = ViewController.swift; sourceTree = "<group>"; };
		9B85F55627F4851100632416 /* Assets.xcassets */ = {isa = PBXFileReference; lastKnownFileType = folder.assetcatalog; path = Assets.xcassets; sourceTree = "<group>"; };
		9B85F55927F4851100632416 /* Base */ = {isa = PBXFileReference; lastKnownFileType = file.storyboard; name = Base; path = Base.lproj/LaunchScreen.storyboard; sourceTree = "<group>"; };
		9B85F55B27F4851100632416 /* Info.plist */ = {isa = PBXFileReference; lastKnownFileType = text.plist.xml; path = Info.plist; sourceTree = "<group>"; };
		9B85F56027F4851100632416 /* ChallengeOneTests.xctest */ = {isa = PBXFileReference; explicitFileType = wrapper.cfbundle; includeInIndex = 0; path = ChallengeOneTests.xctest; sourceTree = BUILT_PRODUCTS_DIR; };
		9B85F57E27F4899600632416 /* XCTest+Extensions.swift */ = {isa = PBXFileReference; lastKnownFileType = sourcecode.swift; path = "XCTest+Extensions.swift"; sourceTree = "<group>"; };
		AEAA7D7E0240FFE94A3DC2C4 /* Pods-ChallengeOneTests.debug.xcconfig */ = {isa = PBXFileReference; includeInIndex = 1; lastKnownFileType = text.xcconfig; name = "Pods-ChallengeOneTests.debug.xcconfig"; path = "Target Support Files/Pods-ChallengeOneTests/Pods-ChallengeOneTests.debug.xcconfig"; sourceTree = "<group>"; };
		E0E72EB6EE790662194D9D8B /* Pods-ChallengeOneTests.release.xcconfig */ = {isa = PBXFileReference; includeInIndex = 1; lastKnownFileType = text.xcconfig; name = "Pods-ChallengeOneTests.release.xcconfig"; path = "Target Support Files/Pods-ChallengeOneTests/Pods-ChallengeOneTests.release.xcconfig"; sourceTree = "<group>"; };
/* End PBXFileReference section */

/* Begin PBXFrameworksBuildPhase section */
		9B85F54727F4850F00632416 /* Frameworks */ = {
			isa = PBXFrameworksBuildPhase;
			buildActionMask = 2147483647;
			files = (
				9874F90AC96FDD3CEF2B8180 /* Pods_ChallengeOne.framework in Frameworks */,
			);
			runOnlyForDeploymentPostprocessing = 0;
		};
		9B85F55D27F4851100632416 /* Frameworks */ = {
			isa = PBXFrameworksBuildPhase;
			buildActionMask = 2147483647;
			files = (
				B13638E0E3591C66752BC05E /* Pods_ChallengeOneTests.framework in Frameworks */,
			);
			runOnlyForDeploymentPostprocessing = 0;
		};
/* End PBXFrameworksBuildPhase section */

/* Begin PBXGroup section */
		53B1695827FC5B320031F525 /* View */ = {
			isa = PBXGroup;
			children = (
				9B85F55127F4850F00632416 /* ViewController.swift */,
				53B1695927FC5B6F0031F525 /* CatViewController.swift */,
				53B1695D27FC66A20031F525 /* ViewControllerDelegate.swift */,
				53B1695F27FC6B380031F525 /* ViewControllerPortocol.swift */,
				531C159227FDDFC70070FF2B /* ViewCodable.swift */,
			);
			path = View;
			sourceTree = "<group>";
		};
		53C877F327FF4CC700D104C6 /* Structs */ = {
			isa = PBXGroup;
			children = (
				53FBAFDA27FB51BA00C9F9E5 /* Breed.swift */,
				53C877ED27FF4C6C00D104C6 /* BreedDTO.swift */,
				53C877EF27FF4C9100D104C6 /* BreedImageDTO.swift */,
				53C877F127FF4CB700D104C6 /* BreedWeightDTO.swift */,
			);
			path = Structs;
			sourceTree = "<group>";
		};
		58F18EB4C1BDE008D489AD06 /* Frameworks */ = {
			isa = PBXGroup;
			children = (
				95B5AC054B0D9AD7B2D693CD /* Pods_ChallengeOne.framework */,
				87652509B3F51206837A8B00 /* Pods_ChallengeOneTests.framework */,
			);
			name = Frameworks;
			sourceTree = "<group>";
		};
		82C95E3EAE56664A05F9096E /* Pods */ = {
			isa = PBXGroup;
			children = (
				47CDAC3C02D0F49B76192A0D /* Pods-ChallengeOne.debug.xcconfig */,
				20043F4574758D842C8F9D2A /* Pods-ChallengeOne.release.xcconfig */,
				AEAA7D7E0240FFE94A3DC2C4 /* Pods-ChallengeOneTests.debug.xcconfig */,
				E0E72EB6EE790662194D9D8B /* Pods-ChallengeOneTests.release.xcconfig */,
			);
			path = Pods;
			sourceTree = "<group>";
		};
		9B71296627F50A3600B27059 /* ViewModel */ = {
			isa = PBXGroup;
			children = (
				9B71296727F50A4300B27059 /* ViewModel.swift */,
				9B71296927F50A6700B27059 /* ViewModelProtocol.swift */,
				9B71296B27F50A8400B27059 /* ViewModelDelegate.swift */,
			);
			path = ViewModel;
			sourceTree = "<group>";
		};
		9B71296D27F50AA300B27059 /* Model */ = {
			isa = PBXGroup;
			children = (
				53C877F327FF4CC700D104C6 /* Structs */,
				9B71297027F50AC100B27059 /* Repository.swift */,
				9B71297227F50AFB00B27059 /* RepositoryProtocol.swift */,
				53FBAFD827FB0CCF00C9F9E5 /* CatService.swift */,
			);
			path = Model;
			sourceTree = "<group>";
		};
		9B85F54127F4850F00632416 = {
			isa = PBXGroup;
			children = (
				9B85F54C27F4850F00632416 /* ChallengeOne */,
				9B85F56327F4851100632416 /* ChallengeOneTests */,
				9B85F54B27F4850F00632416 /* Products */,
				82C95E3EAE56664A05F9096E /* Pods */,
				58F18EB4C1BDE008D489AD06 /* Frameworks */,
			);
			sourceTree = "<group>";
		};
		9B85F54B27F4850F00632416 /* Products */ = {
			isa = PBXGroup;
			children = (
				9B85F54A27F4850F00632416 /* ChallengeOne.app */,
				9B85F56027F4851100632416 /* ChallengeOneTests.xctest */,
			);
			name = Products;
			sourceTree = "<group>";
		};
		9B85F54C27F4850F00632416 /* ChallengeOne */ = {
			isa = PBXGroup;
			children = (
				531C158E27FDDA270070FF2B /* ViewControllerPreview.swift */,
				531C158F27FDDA270070FF2B /* ViewPreview.swift */,
				9B71296D27F50AA300B27059 /* Model */,
				9B71296627F50A3600B27059 /* ViewModel */,
				53B1695827FC5B320031F525 /* View */,
				9B85F54D27F4850F00632416 /* AppDelegate.swift */,
				9B85F54F27F4850F00632416 /* SceneDelegate.swift */,
				9B85F55627F4851100632416 /* Assets.xcassets */,
				9B85F55827F4851100632416 /* LaunchScreen.storyboard */,
				9B85F55B27F4851100632416 /* Info.plist */,
			);
			path = ChallengeOne;
			sourceTree = "<group>";
		};
		9B85F56327F4851100632416 /* ChallengeOneTests */ = {
			isa = PBXGroup;
			children = (
				9B85F57D27F4898000632416 /* Helper */,
			);
			path = ChallengeOneTests;
			sourceTree = "<group>";
		};
		9B85F57D27F4898000632416 /* Helper */ = {
			isa = PBXGroup;
			children = (
				9B85F57E27F4899600632416 /* XCTest+Extensions.swift */,
			);
			path = Helper;
			sourceTree = "<group>";
		};
/* End PBXGroup section */

/* Begin PBXNativeTarget section */
		9B85F54927F4850F00632416 /* ChallengeOne */ = {
			isa = PBXNativeTarget;
			buildConfigurationList = 9B85F57427F4851100632416 /* Build configuration list for PBXNativeTarget "ChallengeOne" */;
			buildPhases = (
				32E1315042C9EA6C7A61909D /* [CP] Check Pods Manifest.lock */,
				9B85F54627F4850F00632416 /* Sources */,
				9B85F54727F4850F00632416 /* Frameworks */,
				9B85F54827F4850F00632416 /* Resources */,
				DC1B62E4CFF609846A41E88C /* [CP] Embed Pods Frameworks */,
			);
			buildRules = (
			);
			dependencies = (
			);
			name = ChallengeOne;
			productName = ChallengeOne;
			productReference = 9B85F54A27F4850F00632416 /* ChallengeOne.app */;
			productType = "com.apple.product-type.application";
		};
		9B85F55F27F4851100632416 /* ChallengeOneTests */ = {
			isa = PBXNativeTarget;
			buildConfigurationList = 9B85F57727F4851100632416 /* Build configuration list for PBXNativeTarget "ChallengeOneTests" */;
			buildPhases = (
				358A9E20EDCA051EBE19B030 /* [CP] Check Pods Manifest.lock */,
				9B85F55C27F4851100632416 /* Sources */,
				9B85F55D27F4851100632416 /* Frameworks */,
				9B85F55E27F4851100632416 /* Resources */,
			);
			buildRules = (
			);
			dependencies = (
				9B85F56227F4851100632416 /* PBXTargetDependency */,
			);
			name = ChallengeOneTests;
			productName = ChallengeOneTests;
			productReference = 9B85F56027F4851100632416 /* ChallengeOneTests.xctest */;
			productType = "com.apple.product-type.bundle.unit-test";
		};
/* End PBXNativeTarget section */

/* Begin PBXProject section */
		9B85F54227F4850F00632416 /* Project object */ = {
			isa = PBXProject;
			attributes = {
				BuildIndependentTargetsInParallel = 1;
				LastSwiftUpdateCheck = 1320;
				LastUpgradeCheck = 1320;
				TargetAttributes = {
					9B85F54927F4850F00632416 = {
						CreatedOnToolsVersion = 13.2.1;
					};
					9B85F55F27F4851100632416 = {
						CreatedOnToolsVersion = 13.2.1;
						TestTargetID = 9B85F54927F4850F00632416;
					};
				};
			};
			buildConfigurationList = 9B85F54527F4850F00632416 /* Build configuration list for PBXProject "ChallengeOne" */;
			compatibilityVersion = "Xcode 13.0";
			developmentRegion = en;
			hasScannedForEncodings = 0;
			knownRegions = (
				en,
				Base,
			);
			mainGroup = 9B85F54127F4850F00632416;
			productRefGroup = 9B85F54B27F4850F00632416 /* Products */;
			projectDirPath = "";
			projectRoot = "";
			targets = (
				9B85F54927F4850F00632416 /* ChallengeOne */,
				9B85F55F27F4851100632416 /* ChallengeOneTests */,
			);
		};
/* End PBXProject section */

/* Begin PBXResourcesBuildPhase section */
		9B85F54827F4850F00632416 /* Resources */ = {
			isa = PBXResourcesBuildPhase;
			buildActionMask = 2147483647;
			files = (
				9B85F55A27F4851100632416 /* LaunchScreen.storyboard in Resources */,
				9B85F55727F4851100632416 /* Assets.xcassets in Resources */,
			);
			runOnlyForDeploymentPostprocessing = 0;
		};
		9B85F55E27F4851100632416 /* Resources */ = {
			isa = PBXResourcesBuildPhase;
			buildActionMask = 2147483647;
			files = (
			);
			runOnlyForDeploymentPostprocessing = 0;
		};
/* End PBXResourcesBuildPhase section */

/* Begin PBXShellScriptBuildPhase section */
		32E1315042C9EA6C7A61909D /* [CP] Check Pods Manifest.lock */ = {
			isa = PBXShellScriptBuildPhase;
			buildActionMask = 2147483647;
			files = (
			);
			inputFileListPaths = (
			);
			inputPaths = (
				"${PODS_PODFILE_DIR_PATH}/Podfile.lock",
				"${PODS_ROOT}/Manifest.lock",
			);
			name = "[CP] Check Pods Manifest.lock";
			outputFileListPaths = (
			);
			outputPaths = (
				"$(DERIVED_FILE_DIR)/Pods-ChallengeOne-checkManifestLockResult.txt",
			);
			runOnlyForDeploymentPostprocessing = 0;
			shellPath = /bin/sh;
			shellScript = "diff \"${PODS_PODFILE_DIR_PATH}/Podfile.lock\" \"${PODS_ROOT}/Manifest.lock\" > /dev/null\nif [ $? != 0 ] ; then\n    # print error to STDERR\n    echo \"error: The sandbox is not in sync with the Podfile.lock. Run 'pod install' or update your CocoaPods installation.\" >&2\n    exit 1\nfi\n# This output is used by Xcode 'outputs' to avoid re-running this script phase.\necho \"SUCCESS\" > \"${SCRIPT_OUTPUT_FILE_0}\"\n";
			showEnvVarsInLog = 0;
		};
		358A9E20EDCA051EBE19B030 /* [CP] Check Pods Manifest.lock */ = {
			isa = PBXShellScriptBuildPhase;
			buildActionMask = 2147483647;
			files = (
			);
			inputFileListPaths = (
			);
			inputPaths = (
				"${PODS_PODFILE_DIR_PATH}/Podfile.lock",
				"${PODS_ROOT}/Manifest.lock",
			);
			name = "[CP] Check Pods Manifest.lock";
			outputFileListPaths = (
			);
			outputPaths = (
				"$(DERIVED_FILE_DIR)/Pods-ChallengeOneTests-checkManifestLockResult.txt",
			);
			runOnlyForDeploymentPostprocessing = 0;
			shellPath = /bin/sh;
			shellScript = "diff \"${PODS_PODFILE_DIR_PATH}/Podfile.lock\" \"${PODS_ROOT}/Manifest.lock\" > /dev/null\nif [ $? != 0 ] ; then\n    # print error to STDERR\n    echo \"error: The sandbox is not in sync with the Podfile.lock. Run 'pod install' or update your CocoaPods installation.\" >&2\n    exit 1\nfi\n# This output is used by Xcode 'outputs' to avoid re-running this script phase.\necho \"SUCCESS\" > \"${SCRIPT_OUTPUT_FILE_0}\"\n";
			showEnvVarsInLog = 0;
		};
		DC1B62E4CFF609846A41E88C /* [CP] Embed Pods Frameworks */ = {
			isa = PBXShellScriptBuildPhase;
			buildActionMask = 2147483647;
			files = (
			);
			inputFileListPaths = (
				"${PODS_ROOT}/Target Support Files/Pods-ChallengeOne/Pods-ChallengeOne-frameworks-${CONFIGURATION}-input-files.xcfilelist",
			);
			name = "[CP] Embed Pods Frameworks";
			outputFileListPaths = (
				"${PODS_ROOT}/Target Support Files/Pods-ChallengeOne/Pods-ChallengeOne-frameworks-${CONFIGURATION}-output-files.xcfilelist",
			);
			runOnlyForDeploymentPostprocessing = 0;
			shellPath = /bin/sh;
			shellScript = "\"${PODS_ROOT}/Target Support Files/Pods-ChallengeOne/Pods-ChallengeOne-frameworks.sh\"\n";
			showEnvVarsInLog = 0;
		};
/* End PBXShellScriptBuildPhase section */

/* Begin PBXSourcesBuildPhase section */
		9B85F54627F4850F00632416 /* Sources */ = {
			isa = PBXSourcesBuildPhase;
			buildActionMask = 2147483647;
			files = (
				9B71297127F50AC100B27059 /* Repository.swift in Sources */,
				531C159327FDDFC70070FF2B /* ViewCodable.swift in Sources */,
				53C877F027FF4C9100D104C6 /* BreedImageDTO.swift in Sources */,
				9B85F55227F4850F00632416 /* ViewController.swift in Sources */,
				9B71296C27F50A8400B27059 /* ViewModelDelegate.swift in Sources */,
				9B71296A27F50A6700B27059 /* ViewModelProtocol.swift in Sources */,
				9B85F54E27F4850F00632416 /* AppDelegate.swift in Sources */,
				9B71297327F50AFB00B27059 /* RepositoryProtocol.swift in Sources */,
				53B1695A27FC5B6F0031F525 /* CatViewController.swift in Sources */,
				53C877F227FF4CB700D104C6 /* BreedWeightDTO.swift in Sources */,
				53C877EE27FF4C6C00D104C6 /* BreedDTO.swift in Sources */,
				531C159027FDDA270070FF2B /* ViewControllerPreview.swift in Sources */,
				53B1695E27FC66A20031F525 /* ViewControllerDelegate.swift in Sources */,
				53B1696027FC6B380031F525 /* ViewControllerPortocol.swift in Sources */,
				53FBAFD927FB0CCF00C9F9E5 /* CatService.swift in Sources */,
				9B71296827F50A4300B27059 /* ViewModel.swift in Sources */,
				53FBAFDB27FB51BA00C9F9E5 /* Breed.swift in Sources */,
				9B85F55027F4850F00632416 /* SceneDelegate.swift in Sources */,
				531C159127FDDA270070FF2B /* ViewPreview.swift in Sources */,
			);
			runOnlyForDeploymentPostprocessing = 0;
		};
		9B85F55C27F4851100632416 /* Sources */ = {
			isa = PBXSourcesBuildPhase;
			buildActionMask = 2147483647;
			files = (
				9B85F57F27F4899600632416 /* XCTest+Extensions.swift in Sources */,
			);
			runOnlyForDeploymentPostprocessing = 0;
		};
/* End PBXSourcesBuildPhase section */

/* Begin PBXTargetDependency section */
		9B85F56227F4851100632416 /* PBXTargetDependency */ = {
			isa = PBXTargetDependency;
			target = 9B85F54927F4850F00632416 /* ChallengeOne */;
			targetProxy = 9B85F56127F4851100632416 /* PBXContainerItemProxy */;
		};
/* End PBXTargetDependency section */

/* Begin PBXVariantGroup section */
		9B85F55827F4851100632416 /* LaunchScreen.storyboard */ = {
			isa = PBXVariantGroup;
			children = (
				9B85F55927F4851100632416 /* Base */,
			);
			name = LaunchScreen.storyboard;
			sourceTree = "<group>";
		};
/* End PBXVariantGroup section */

/* Begin XCBuildConfiguration section */
		9B85F57227F4851100632416 /* Debug */ = {
			isa = XCBuildConfiguration;
			buildSettings = {
				ALWAYS_SEARCH_USER_PATHS = NO;
				CLANG_ANALYZER_NONNULL = YES;
				CLANG_ANALYZER_NUMBER_OBJECT_CONVERSION = YES_AGGRESSIVE;
				CLANG_CXX_LANGUAGE_STANDARD = "gnu++17";
				CLANG_CXX_LIBRARY = "libc++";
				CLANG_ENABLE_MODULES = YES;
				CLANG_ENABLE_OBJC_ARC = YES;
				CLANG_ENABLE_OBJC_WEAK = YES;
				CLANG_WARN_BLOCK_CAPTURE_AUTORELEASING = YES;
				CLANG_WARN_BOOL_CONVERSION = YES;
				CLANG_WARN_COMMA = YES;
				CLANG_WARN_CONSTANT_CONVERSION = YES;
				CLANG_WARN_DEPRECATED_OBJC_IMPLEMENTATIONS = YES;
				CLANG_WARN_DIRECT_OBJC_ISA_USAGE = YES_ERROR;
				CLANG_WARN_DOCUMENTATION_COMMENTS = YES;
				CLANG_WARN_EMPTY_BODY = YES;
				CLANG_WARN_ENUM_CONVERSION = YES;
				CLANG_WARN_INFINITE_RECURSION = YES;
				CLANG_WARN_INT_CONVERSION = YES;
				CLANG_WARN_NON_LITERAL_NULL_CONVERSION = YES;
				CLANG_WARN_OBJC_IMPLICIT_RETAIN_SELF = YES;
				CLANG_WARN_OBJC_LITERAL_CONVERSION = YES;
				CLANG_WARN_OBJC_ROOT_CLASS = YES_ERROR;
				CLANG_WARN_QUOTED_INCLUDE_IN_FRAMEWORK_HEADER = YES;
				CLANG_WARN_RANGE_LOOP_ANALYSIS = YES;
				CLANG_WARN_STRICT_PROTOTYPES = YES;
				CLANG_WARN_SUSPICIOUS_MOVE = YES;
				CLANG_WARN_UNGUARDED_AVAILABILITY = YES_AGGRESSIVE;
				CLANG_WARN_UNREACHABLE_CODE = YES;
				CLANG_WARN__DUPLICATE_METHOD_MATCH = YES;
				COPY_PHASE_STRIP = NO;
				DEBUG_INFORMATION_FORMAT = dwarf;
				ENABLE_STRICT_OBJC_MSGSEND = YES;
				ENABLE_TESTABILITY = YES;
				GCC_C_LANGUAGE_STANDARD = gnu11;
				GCC_DYNAMIC_NO_PIC = NO;
				GCC_NO_COMMON_BLOCKS = YES;
				GCC_OPTIMIZATION_LEVEL = 0;
				GCC_PREPROCESSOR_DEFINITIONS = (
					"DEBUG=1",
					"$(inherited)",
				);
				GCC_WARN_64_TO_32_BIT_CONVERSION = YES;
				GCC_WARN_ABOUT_RETURN_TYPE = YES_ERROR;
				GCC_WARN_UNDECLARED_SELECTOR = YES;
				GCC_WARN_UNINITIALIZED_AUTOS = YES_AGGRESSIVE;
				GCC_WARN_UNUSED_FUNCTION = YES;
				GCC_WARN_UNUSED_VARIABLE = YES;
				IPHONEOS_DEPLOYMENT_TARGET = 15.2;
				MTL_ENABLE_DEBUG_INFO = INCLUDE_SOURCE;
				MTL_FAST_MATH = YES;
				ONLY_ACTIVE_ARCH = YES;
				SDKROOT = iphoneos;
				SWIFT_ACTIVE_COMPILATION_CONDITIONS = DEBUG;
				SWIFT_OPTIMIZATION_LEVEL = "-Onone";
			};
			name = Debug;
		};
		9B85F57327F4851100632416 /* Release */ = {
			isa = XCBuildConfiguration;
			buildSettings = {
				ALWAYS_SEARCH_USER_PATHS = NO;
				CLANG_ANALYZER_NONNULL = YES;
				CLANG_ANALYZER_NUMBER_OBJECT_CONVERSION = YES_AGGRESSIVE;
				CLANG_CXX_LANGUAGE_STANDARD = "gnu++17";
				CLANG_CXX_LIBRARY = "libc++";
				CLANG_ENABLE_MODULES = YES;
				CLANG_ENABLE_OBJC_ARC = YES;
				CLANG_ENABLE_OBJC_WEAK = YES;
				CLANG_WARN_BLOCK_CAPTURE_AUTORELEASING = YES;
				CLANG_WARN_BOOL_CONVERSION = YES;
				CLANG_WARN_COMMA = YES;
				CLANG_WARN_CONSTANT_CONVERSION = YES;
				CLANG_WARN_DEPRECATED_OBJC_IMPLEMENTATIONS = YES;
				CLANG_WARN_DIRECT_OBJC_ISA_USAGE = YES_ERROR;
				CLANG_WARN_DOCUMENTATION_COMMENTS = YES;
				CLANG_WARN_EMPTY_BODY = YES;
				CLANG_WARN_ENUM_CONVERSION = YES;
				CLANG_WARN_INFINITE_RECURSION = YES;
				CLANG_WARN_INT_CONVERSION = YES;
				CLANG_WARN_NON_LITERAL_NULL_CONVERSION = YES;
				CLANG_WARN_OBJC_IMPLICIT_RETAIN_SELF = YES;
				CLANG_WARN_OBJC_LITERAL_CONVERSION = YES;
				CLANG_WARN_OBJC_ROOT_CLASS = YES_ERROR;
				CLANG_WARN_QUOTED_INCLUDE_IN_FRAMEWORK_HEADER = YES;
				CLANG_WARN_RANGE_LOOP_ANALYSIS = YES;
				CLANG_WARN_STRICT_PROTOTYPES = YES;
				CLANG_WARN_SUSPICIOUS_MOVE = YES;
				CLANG_WARN_UNGUARDED_AVAILABILITY = YES_AGGRESSIVE;
				CLANG_WARN_UNREACHABLE_CODE = YES;
				CLANG_WARN__DUPLICATE_METHOD_MATCH = YES;
				COPY_PHASE_STRIP = NO;
				DEBUG_INFORMATION_FORMAT = "dwarf-with-dsym";
				ENABLE_NS_ASSERTIONS = NO;
				ENABLE_STRICT_OBJC_MSGSEND = YES;
				GCC_C_LANGUAGE_STANDARD = gnu11;
				GCC_NO_COMMON_BLOCKS = YES;
				GCC_WARN_64_TO_32_BIT_CONVERSION = YES;
				GCC_WARN_ABOUT_RETURN_TYPE = YES_ERROR;
				GCC_WARN_UNDECLARED_SELECTOR = YES;
				GCC_WARN_UNINITIALIZED_AUTOS = YES_AGGRESSIVE;
				GCC_WARN_UNUSED_FUNCTION = YES;
				GCC_WARN_UNUSED_VARIABLE = YES;
				IPHONEOS_DEPLOYMENT_TARGET = 15.2;
				MTL_ENABLE_DEBUG_INFO = NO;
				MTL_FAST_MATH = YES;
				SDKROOT = iphoneos;
				SWIFT_COMPILATION_MODE = wholemodule;
				SWIFT_OPTIMIZATION_LEVEL = "-O";
				VALIDATE_PRODUCT = YES;
			};
			name = Release;
		};
		9B85F57527F4851100632416 /* Debug */ = {
			isa = XCBuildConfiguration;
			baseConfigurationReference = 47CDAC3C02D0F49B76192A0D /* Pods-ChallengeOne.debug.xcconfig */;
			buildSettings = {
				ASSETCATALOG_COMPILER_APPICON_NAME = AppIcon;
				ASSETCATALOG_COMPILER_GLOBAL_ACCENT_COLOR_NAME = AccentColor;
				CODE_SIGN_STYLE = Automatic;
				CURRENT_PROJECT_VERSION = 1;
				DEVELOPMENT_TEAM = 2N5Z737Y78;
				GENERATE_INFOPLIST_FILE = YES;
				INFOPLIST_FILE = ChallengeOne/Info.plist;
				INFOPLIST_KEY_UIApplicationSupportsIndirectInputEvents = YES;
				INFOPLIST_KEY_UILaunchStoryboardName = LaunchScreen;
				INFOPLIST_KEY_UISupportedInterfaceOrientations_iPad = "UIInterfaceOrientationPortrait UIInterfaceOrientationPortraitUpsideDown UIInterfaceOrientationLandscapeLeft UIInterfaceOrientationLandscapeRight";
				INFOPLIST_KEY_UISupportedInterfaceOrientations_iPhone = "UIInterfaceOrientationPortrait UIInterfaceOrientationLandscapeLeft UIInterfaceOrientationLandscapeRight";
				LD_RUNPATH_SEARCH_PATHS = (
					"$(inherited)",
					"@executable_path/Frameworks",
				);
				MARKETING_VERSION = 1.0;
				PRODUCT_BUNDLE_IDENTIFIER = com.challenge.ChallengeOne;
				PRODUCT_NAME = "$(TARGET_NAME)";
				SWIFT_EMIT_LOC_STRINGS = YES;
				SWIFT_VERSION = 5.0;
				TARGETED_DEVICE_FAMILY = "1,2";
			};
			name = Debug;
		};
		9B85F57627F4851100632416 /* Release */ = {
			isa = XCBuildConfiguration;
			baseConfigurationReference = 20043F4574758D842C8F9D2A /* Pods-ChallengeOne.release.xcconfig */;
			buildSettings = {
				ASSETCATALOG_COMPILER_APPICON_NAME = AppIcon;
				ASSETCATALOG_COMPILER_GLOBAL_ACCENT_COLOR_NAME = AccentColor;
				CODE_SIGN_STYLE = Automatic;
				CURRENT_PROJECT_VERSION = 1;
				DEVELOPMENT_TEAM = 2N5Z737Y78;
				GENERATE_INFOPLIST_FILE = YES;
				INFOPLIST_FILE = ChallengeOne/Info.plist;
				INFOPLIST_KEY_UIApplicationSupportsIndirectInputEvents = YES;
				INFOPLIST_KEY_UILaunchStoryboardName = LaunchScreen;
				INFOPLIST_KEY_UISupportedInterfaceOrientations_iPad = "UIInterfaceOrientationPortrait UIInterfaceOrientationPortraitUpsideDown UIInterfaceOrientationLandscapeLeft UIInterfaceOrientationLandscapeRight";
				INFOPLIST_KEY_UISupportedInterfaceOrientations_iPhone = "UIInterfaceOrientationPortrait UIInterfaceOrientationLandscapeLeft UIInterfaceOrientationLandscapeRight";
				LD_RUNPATH_SEARCH_PATHS = (
					"$(inherited)",
					"@executable_path/Frameworks",
				);
				MARKETING_VERSION = 1.0;
				PRODUCT_BUNDLE_IDENTIFIER = com.challenge.ChallengeOne;
				PRODUCT_NAME = "$(TARGET_NAME)";
				SWIFT_EMIT_LOC_STRINGS = YES;
				SWIFT_VERSION = 5.0;
				TARGETED_DEVICE_FAMILY = "1,2";
			};
			name = Release;
		};
		9B85F57827F4851100632416 /* Debug */ = {
			isa = XCBuildConfiguration;
			baseConfigurationReference = AEAA7D7E0240FFE94A3DC2C4 /* Pods-ChallengeOneTests.debug.xcconfig */;
			buildSettings = {
				ALWAYS_EMBED_SWIFT_STANDARD_LIBRARIES = YES;
				BUNDLE_LOADER = "$(TEST_HOST)";
				CODE_SIGN_STYLE = Automatic;
				CURRENT_PROJECT_VERSION = 1;
				GENERATE_INFOPLIST_FILE = YES;
				IPHONEOS_DEPLOYMENT_TARGET = 15.2;
				MARKETING_VERSION = 1.0;
				PRODUCT_BUNDLE_IDENTIFIER = com.challenge.ChallengeOneTests;
				PRODUCT_NAME = "$(TARGET_NAME)";
				SWIFT_EMIT_LOC_STRINGS = NO;
				SWIFT_VERSION = 5.0;
				TARGETED_DEVICE_FAMILY = "1,2";
				TEST_HOST = "$(BUILT_PRODUCTS_DIR)/ChallengeOne.app/ChallengeOne";
			};
			name = Debug;
		};
		9B85F57927F4851100632416 /* Release */ = {
			isa = XCBuildConfiguration;
			baseConfigurationReference = E0E72EB6EE790662194D9D8B /* Pods-ChallengeOneTests.release.xcconfig */;
			buildSettings = {
				ALWAYS_EMBED_SWIFT_STANDARD_LIBRARIES = YES;
				BUNDLE_LOADER = "$(TEST_HOST)";
				CODE_SIGN_STYLE = Automatic;
				CURRENT_PROJECT_VERSION = 1;
				GENERATE_INFOPLIST_FILE = YES;
				IPHONEOS_DEPLOYMENT_TARGET = 15.2;
				MARKETING_VERSION = 1.0;
				PRODUCT_BUNDLE_IDENTIFIER = com.challenge.ChallengeOneTests;
				PRODUCT_NAME = "$(TARGET_NAME)";
				SWIFT_EMIT_LOC_STRINGS = NO;
				SWIFT_VERSION = 5.0;
				TARGETED_DEVICE_FAMILY = "1,2";
				TEST_HOST = "$(BUILT_PRODUCTS_DIR)/ChallengeOne.app/ChallengeOne";
			};
			name = Release;
		};
/* End XCBuildConfiguration section */

/* Begin XCConfigurationList section */
		9B85F54527F4850F00632416 /* Build configuration list for PBXProject "ChallengeOne" */ = {
			isa = XCConfigurationList;
			buildConfigurations = (
				9B85F57227F4851100632416 /* Debug */,
				9B85F57327F4851100632416 /* Release */,
			);
			defaultConfigurationIsVisible = 0;
			defaultConfigurationName = Release;
		};
		9B85F57427F4851100632416 /* Build configuration list for PBXNativeTarget "ChallengeOne" */ = {
			isa = XCConfigurationList;
			buildConfigurations = (
				9B85F57527F4851100632416 /* Debug */,
				9B85F57627F4851100632416 /* Release */,
			);
			defaultConfigurationIsVisible = 0;
			defaultConfigurationName = Release;
		};
		9B85F57727F4851100632416 /* Build configuration list for PBXNativeTarget "ChallengeOneTests" */ = {
			isa = XCConfigurationList;
			buildConfigurations = (
				9B85F57827F4851100632416 /* Debug */,
				9B85F57927F4851100632416 /* Release */,
			);
			defaultConfigurationIsVisible = 0;
			defaultConfigurationName = Release;
		};
/* End XCConfigurationList section */
	};
	rootObject = 9B85F54227F4850F00632416 /* Project object */;
}
